
Microsoft Visual Studio Solution File, Format Version 12.00
# Visual Studio 15
VisualStudioVersion = 15.0.28307.136
MinimumVisualStudioVersion = 10.0.40219.1
Project("{9A19103F-16F7-4668-BE54-9A1E7A4F7556}") = "Itofinity.Refit.Cli.Utils", "src\Itofinity.Cli.Utils\Itofinity.Refit.Cli.Utils.csproj", "{F857CCBF-FCA1-4089-BE84-3F450F6D62FD}"
EndProject
Global
	GlobalSection(SolutionConfigurationPlatforms) = preSolution
		Debug|Any CPU = Debug|Any CPU
		Release|Any CPU = Release|Any CPU
	EndGlobalSection
	GlobalSection(ProjectConfigurationPlatforms) = postSolution
		{F857CCBF-FCA1-4089-BE84-3F450F6D62FD}.Debug|Any CPU.ActiveCfg = Debug|Any CPU
		{F857CCBF-FCA1-4089-BE84-3F450F6D62FD}.Debug|Any CPU.Build.0 = Debug|Any CPU
		{F857CCBF-FCA1-4089-BE84-3F450F6D62FD}.Release|Any CPU.ActiveCfg = Release|Any CPU
		{F857CCBF-FCA1-4089-BE84-3F450F6D62FD}.Release|Any CPU.Build.0 = Release|Any CPU
	EndGlobalSection
	GlobalSection(SolutionProperties) = preSolution
		HideSolutionNode = FALSE
	EndGlobalSection
	GlobalSection(ExtensibilityGlobals) = postSolution
		SolutionGuid = {7AF9E4CC-1706-4F15-B576-D480178F5DAD}
	EndGlobalSection
EndGlobal
